
Microsoft Visual Studio Solution File, Format Version 12.00
# Visual Studio Version 16
VisualStudioVersion = 16.0.31019.35
MinimumVisualStudioVersion = 10.0.40219.1
Project("{FAE04EC0-301F-11D3-BF4B-00C04F79EFBC}") = "AlertDLL", "AlertDLL\AlertDLL.csproj", "{812835CE-F4B1-4786-8E83-F918391FF764}"
EndProject
Global
	GlobalSection(SolutionConfigurationPlatforms) = preSolution
		Debug|Any CPU = Debug|Any CPU
		Release|Any CPU = Release|Any CPU
	EndGlobalSection
	GlobalSection(ProjectConfigurationPlatforms) = postSolution
		{812835CE-F4B1-4786-8E83-F918391FF764}.Debug|Any CPU.ActiveCfg = Debug|Any CPU
		{812835CE-F4B1-4786-8E83-F918391FF764}.Debug|Any CPU.Build.0 = Debug|Any CPU
		{812835CE-F4B1-4786-8E83-F918391FF764}.Release|Any CPU.ActiveCfg = Release|Any CPU
		{812835CE-F4B1-4786-8E83-F918391FF764}.Release|Any CPU.Build.0 = Release|Any CPU
	EndGlobalSection
	GlobalSection(SolutionProperties) = preSolution
		HideSolutionNode = FALSE
	EndGlobalSection
	GlobalSection(ExtensibilityGlobals) = postSolution
		SolutionGuid = {B1CA7C0B-63C2-40B7-9554-FD46E559AB77}
	EndGlobalSection
EndGlobal
